
Microsoft Visual Studio Solution File, Format Version 12.00
# Visual Studio 14
VisualStudioVersion = 14.0.25420.1
MinimumVisualStudioVersion = 10.0.40219.1
Project("{2150E333-8FDC-42A3-9474-1A3956D46DE8}") = "src", "src", "{B0DDFBF2-8478-4934-B47B-B34679B8420C}"
EndProject
Project("{2150E333-8FDC-42A3-9474-1A3956D46DE8}") = "Solution Items", "Solution Items", "{3D34FD6D-4E94-4520-A4C1-2FDC130A51B3}"
	ProjectSection(SolutionItems) = preProject
		global.json = global.json
	EndProjectSection
EndProject
Project("{8BB2217D-0F2D-49D1-97BC-3654ED321F3B}") = "ValantInventoryExerciseCore", "src\ValantInventoryExerciseCore\ValantInventoryExerciseCore.xproj", "{C5D76579-8E85-41BC-B6EA-F66BF568E603}"
EndProject
Project("{8BB2217D-0F2D-49D1-97BC-3654ED321F3B}") = "ValantInventoryExerciseCore.Tests", "test\ValantInventoryExerciseCore.Tests\ValantInventoryExerciseCore.Tests.xproj", "{615F582F-2E3B-4091-B33B-4C579010DAA6}"
EndProject
Project("{2150E333-8FDC-42A3-9474-1A3956D46DE8}") = "test", "test", "{AEE77B95-D7B9-459F-AD24-434E062E91A2}"
EndProject
Global
	GlobalSection(SolutionConfigurationPlatforms) = preSolution
		Debug|Any CPU = Debug|Any CPU
		Release|Any CPU = Release|Any CPU
	EndGlobalSection
	GlobalSection(ProjectConfigurationPlatforms) = postSolution
		{C5D76579-8E85-41BC-B6EA-F66BF568E603}.Debug|Any CPU.ActiveCfg = Debug|Any CPU
		{C5D76579-8E85-41BC-B6EA-F66BF568E603}.Debug|Any CPU.Build.0 = Debug|Any CPU
		{C5D76579-8E85-41BC-B6EA-F66BF568E603}.Release|Any CPU.ActiveCfg = Release|Any CPU
		{C5D76579-8E85-41BC-B6EA-F66BF568E603}.Release|Any CPU.Build.0 = Release|Any CPU
		{615F582F-2E3B-4091-B33B-4C579010DAA6}.Debug|Any CPU.ActiveCfg = Debug|Any CPU
		{615F582F-2E3B-4091-B33B-4C579010DAA6}.Debug|Any CPU.Build.0 = Debug|Any CPU
		{615F582F-2E3B-4091-B33B-4C579010DAA6}.Release|Any CPU.ActiveCfg = Release|Any CPU
		{615F582F-2E3B-4091-B33B-4C579010DAA6}.Release|Any CPU.Build.0 = Release|Any CPU
	EndGlobalSection
	GlobalSection(SolutionProperties) = preSolution
		HideSolutionNode = FALSE
	EndGlobalSection
	GlobalSection(NestedProjects) = preSolution
		{C5D76579-8E85-41BC-B6EA-F66BF568E603} = {B0DDFBF2-8478-4934-B47B-B34679B8420C}
		{615F582F-2E3B-4091-B33B-4C579010DAA6} = {AEE77B95-D7B9-459F-AD24-434E062E91A2}
	EndGlobalSection
EndGlobal
